{
  "originHash" : "a46d0a2ef97c404ec3b526ae68a6f3fdcbae1e6edaad654c762667432eaaa65c",
  "pins" : [
    {
      "identity" : "slipstream",
      "kind" : "remoteSourceControl",
      "location" : "https://github.com/jverkoey/slipstream.git",
      "state" : {
        "branch" : "main",
        "revision" : "9046a19c19de684181d971da3f57d8ef2d7d3f9a"
      }
    },
    {
      "identity" : "swift-cmark",
      "kind" : "remoteSourceControl",
      "location" : "https://github.com/swiftlang/swift-cmark.git",
      "state" : {
        "branch" : "gfm",
        "revision" : "fc07ab5da47975c5ef5f336acadfc02e8f706d30"
      }
    },
    {
      "identity" : "swift-markdown",
      "kind" : "remoteSourceControl",
      "location" : "https://github.com/apple/swift-markdown.git",
      "state" : {
        "branch" : "main",
        "revision" : "2c126ce9fa33fc8b48258ee27ab51b33989161a3"
      }
    },
    {
      "identity" : "swiftsoup",
      "kind" : "remoteSourceControl",
      "location" : "https://github.com/scinfu/SwiftSoup.git",
      "state" : {
        "revision" : "3c2c7e1e72b8abd96eafbae80323c5c1e5317437",
        "version" : "2.7.5"
      }
    }
  ],
  "version" : 3
}
